// !$*UTF8*$!
{
	archiveVersion = 1;
	classes = {
	};
	objectVersion = 46;
	objects = {

/* Begin PBXBuildFile section */
		C123FB7E17A2371F0037465A /* Constants.m in Sources */ = {isa = PBXBuildFile; fileRef = C123FB7D17A2371F0037465A /* Constants.m */; };
		C12EA5B117A19A0C004B805E /* MBQuoteView.m in Sources */ = {isa = PBXBuildFile; fileRef = C12EA5B017A19A0C004B805E /* MBQuoteView.m */; };
		C12EA5B417A19C1C004B805E /* MBQuoteViewController.m in Sources */ = {isa = PBXBuildFile; fileRef = C12EA5B317A19C1C004B805E /* MBQuoteViewController.m */; };
		C12EA5B617A1A83C004B805E /* smiley.png in Resources */ = {isa = PBXBuildFile; fileRef = C12EA5B517A1A83C004B805E /* smiley.png */; };
		C1519D2817A0F553009D4313 /* MBQuoteCollectionViewCell.m in Sources */ = {isa = PBXBuildFile; fileRef = C1519D2717A0F553009D4313 /* MBQuoteCollectionViewCell.m */; };
		C1519D2B17A0F7FD009D4313 /* MBQuoteUICollectionViewLayout.m in Sources */ = {isa = PBXBuildFile; fileRef = C1519D2A17A0F7FD009D4313 /* MBQuoteUICollectionViewLayout.m */; };
		C1623F2017A1BCB3000A130E /* QuartzCore.framework in Frameworks */ = {isa = PBXBuildFile; fileRef = C1623F1F17A1BCB3000A130E /* QuartzCore.framework */; };
		C179EB141797B22100FB8A7F /* UIKit.framework in Frameworks */ = {isa = PBXBuildFile; fileRef = C179EB131797B22100FB8A7F /* UIKit.framework */; };
		C179EB161797B22100FB8A7F /* Foundation.framework in Frameworks */ = {isa = PBXBuildFile; fileRef = C179EB151797B22100FB8A7F /* Foundation.framework */; };
		C179EB181797B22100FB8A7F /* CoreGraphics.framework in Frameworks */ = {isa = PBXBuildFile; fileRef = C179EB171797B22100FB8A7F /* CoreGraphics.framework */; };
		C179EB1E1797B22100FB8A7F /* InfoPlist.strings in Resources */ = {isa = PBXBuildFile; fileRef = C179EB1C1797B22100FB8A7F /* InfoPlist.strings */; };
		C179EB201797B22100FB8A7F /* main.m in Sources */ = {isa = PBXBuildFile; fileRef = C179EB1F1797B22100FB8A7F /* main.m */; };
		C179EB241797B22100FB8A7F /* MBAppDelegate.m in Sources */ = {isa = PBXBuildFile; fileRef = C179EB231797B22100FB8A7F /* MBAppDelegate.m */; };
		C179EB261797B22100FB8A7F /* Default.png in Resources */ = {isa = PBXBuildFile; fileRef = C179EB251797B22100FB8A7F /* Default.png */; };
		C179EB281797B22100FB8A7F /* Default@2x.png in Resources */ = {isa = PBXBuildFile; fileRef = C179EB271797B22100FB8A7F /* Default@2x.png */; };
		C179EB2A1797B22100FB8A7F /* Default-568h@2x.png in Resources */ = {isa = PBXBuildFile; fileRef = C179EB291797B22100FB8A7F /* Default-568h@2x.png */; };
		C179EB2D1797B22100FB8A7F /* MainStoryboard.storyboard in Resources */ = {isa = PBXBuildFile; fileRef = C179EB2B1797B22100FB8A7F /* MainStoryboard.storyboard */; };
		C179EB301797B22100FB8A7F /* MBViewController.m in Sources */ = {isa = PBXBuildFile; fileRef = C179EB2F1797B22100FB8A7F /* MBViewController.m */; };
		C179EB381797B22100FB8A7F /* SenTestingKit.framework in Frameworks */ = {isa = PBXBuildFile; fileRef = C179EB371797B22100FB8A7F /* SenTestingKit.framework */; };
		C179EB391797B22100FB8A7F /* UIKit.framework in Frameworks */ = {isa = PBXBuildFile; fileRef = C179EB131797B22100FB8A7F /* UIKit.framework */; };
		C179EB3A1797B22100FB8A7F /* Foundation.framework in Frameworks */ = {isa = PBXBuildFile; fileRef = C179EB151797B22100FB8A7F /* Foundation.framework */; };
		C179EB421797B22100FB8A7F /* InfoPlist.strings in Resources */ = {isa = PBXBuildFile; fileRef = C179EB401797B22100FB8A7F /* InfoPlist.strings */; };
		C179EB451797B22100FB8A7F /* MoodyBootyTests.m in Sources */ = {isa = PBXBuildFile; fileRef = C179EB441797B22100FB8A7F /* MoodyBootyTests.m */; };
		C179EB501797B26F00FB8A7F /* MBQuote.m in Sources */ = {isa = PBXBuildFile; fileRef = C179EB4F1797B26F00FB8A7F /* MBQuote.m */; };
		C179EB521797B38D00FB8A7F /* CoreData.framework in Frameworks */ = {isa = PBXBuildFile; fileRef = C179EB511797B38D00FB8A7F /* CoreData.framework */; };
		C179EB5517A0D0B400FB8A7F /* MBMood.m in Sources */ = {isa = PBXBuildFile; fileRef = C179EB5417A0D0B400FB8A7F /* MBMood.m */; };
		C179EB5E17A0DEF000FB8A7F /* MBMoodCollectionView.m in Sources */ = {isa = PBXBuildFile; fileRef = C179EB5D17A0DEF000FB8A7F /* MBMoodCollectionView.m */; };
		C179EB6117A0E0A100FB8A7F /* MBQuoteCollectionViewController.m in Sources */ = {isa = PBXBuildFile; fileRef = C179EB6017A0E0A100FB8A7F /* MBQuoteCollectionViewController.m */; };
		C17A609D17A1BEA300C0BBA4 /* FreigSanProBook.otf in Resources */ = {isa = PBXBuildFile; fileRef = C17A609A17A1BEA300C0BBA4 /* FreigSanProBook.otf */; };
		C17A609E17A1BEA300C0BBA4 /* FreigSanProMed.otf in Resources */ = {isa = PBXBuildFile; fileRef = C17A609B17A1BEA300C0BBA4 /* FreigSanProMed.otf */; };
		C17A609F17A1BEA300C0BBA4 /* FreigSanProSem.otf in Resources */ = {isa = PBXBuildFile; fileRef = C17A609C17A1BEA300C0BBA4 /* FreigSanProSem.otf */; };
		C17A60A217A1C2E000C0BBA4 /* MBQuoteMoodViewController.m in Sources */ = {isa = PBXBuildFile; fileRef = C17A60A117A1C2E000C0BBA4 /* MBQuoteMoodViewController.m */; };
		C17A60A317A1CE4600C0BBA4 /* FreigSanProBook.otf in Resources */ = {isa = PBXBuildFile; fileRef = C17A609A17A1BEA300C0BBA4 /* FreigSanProBook.otf */; };
		C17A60A417A1CE4600C0BBA4 /* FreigSanProMed.otf in Resources */ = {isa = PBXBuildFile; fileRef = C17A609B17A1BEA300C0BBA4 /* FreigSanProMed.otf */; };
		C17A60A517A1CE4600C0BBA4 /* FreigSanProSem.otf in Resources */ = {isa = PBXBuildFile; fileRef = C17A609C17A1BEA300C0BBA4 /* FreigSanProSem.otf */; };
		C17A60A817A1D3F100C0BBA4 /* MBAboutViewController.m in Sources */ = {isa = PBXBuildFile; fileRef = C17A60A717A1D3F100C0BBA4 /* MBAboutViewController.m */; };
		C17A60AB17A1DEFB00C0BBA4 /* MBAboutView.m in Sources */ = {isa = PBXBuildFile; fileRef = C17A60AA17A1DEFB00C0BBA4 /* MBAboutView.m */; };
		C17A60AD17A1E6B300C0BBA4 /* about-background.png in Resources */ = {isa = PBXBuildFile; fileRef = C17A60AC17A1E6B300C0BBA4 /* about-background.png */; };
		C17A60AF17A1E82000C0BBA4 /* about-smiley.png in Resources */ = {isa = PBXBuildFile; fileRef = C17A60AE17A1E82000C0BBA4 /* about-smiley.png */; };
		C18BCA8117A1EBC30065BA6E /* milk.png in Resources */ = {isa = PBXBuildFile; fileRef = C18BCA8017A1EBC30065BA6E /* milk.png */; };
		C1BF54B517A24FD9006411A9 /* Intro_BG.png in Resources */ = {isa = PBXBuildFile; fileRef = C1BF54B217A24FD8006411A9 /* Intro_BG.png */; };
		C1BF54B617A24FD9006411A9 /* Milk_Glass.png in Resources */ = {isa = PBXBuildFile; fileRef = C1BF54B317A24FD8006411A9 /* Milk_Glass.png */; };
		C1BF54B717A24FD9006411A9 /* Smiley_1.png in Resources */ = {isa = PBXBuildFile; fileRef = C1BF54B417A24FD8006411A9 /* Smiley_1.png */; };
		C1BF54C117A2500C006411A9 /* angry.png in Resources */ = {isa = PBXBuildFile; fileRef = C1BF54B817A2500B006411A9 /* angry.png */; };
		C1BF54C217A2500C006411A9 /* anxious.png in Resources */ = {isa = PBXBuildFile; fileRef = C1BF54B917A2500B006411A9 /* anxious.png */; };
		C1BF54C317A2500C006411A9 /* depressed.png in Resources */ = {isa = PBXBuildFile; fileRef = C1BF54BA17A2500B006411A9 /* depressed.png */; };
		C1BF54C417A2500C006411A9 /* impatient.png in Resources */ = {isa = PBXBuildFile; fileRef = C1BF54BB17A2500B006411A9 /* impatient.png */; };
		C1BF54C517A2500C006411A9 /* jealous.png in Resources */ = {isa = PBXBuildFile; fileRef = C1BF54BC17A2500B006411A9 /* jealous.png */; };
		C1BF54C617A2500C006411A9 /* lonely.png in Resources */ = {isa = PBXBuildFile; fileRef = C1BF54BD17A2500B006411A9 /* lonely.png */; };
		C1BF54C717A2500C006411A9 /* nostalgic.png in Resources */ = {isa = PBXBuildFile; fileRef = C1BF54BE17A2500B006411A9 /* nostalgic.png */; };
		C1BF54C817A2500C006411A9 /* sad.png in Resources */ = {isa = PBXBuildFile; fileRef = C1BF54BF17A2500C006411A9 /* sad.png */; };
		C1BF54C917A2500C006411A9 /* tired.png in Resources */ = {isa = PBXBuildFile; fileRef = C1BF54C017A2500C006411A9 /* tired.png */; };
		C1BF54E517A25143006411A9 /* angry@2x.png in Resources */ = {isa = PBXBuildFile; fileRef = C1BF54DC17A25134006411A9 /* angry@2x.png */; };
		C1BF54E617A25143006411A9 /* anxious@2x.png in Resources */ = {isa = PBXBuildFile; fileRef = C1BF54DD17A25134006411A9 /* anxious@2x.png */; };
		C1BF54E717A25143006411A9 /* depressed@2x.png in Resources */ = {isa = PBXBuildFile; fileRef = C1BF54DE17A25135006411A9 /* depressed@2x.png */; };
		C1BF54E817A25143006411A9 /* impatient@2x.png in Resources */ = {isa = PBXBuildFile; fileRef = C1BF54DF17A25136006411A9 /* impatient@2x.png */; };
		C1BF54E917A25143006411A9 /* jealous@2x.png in Resources */ = {isa = PBXBuildFile; fileRef = C1BF54E017A25137006411A9 /* jealous@2x.png */; };
		C1BF54EA17A25143006411A9 /* lonely@2x.png in Resources */ = {isa = PBXBuildFile; fileRef = C1BF54E117A25139006411A9 /* lonely@2x.png */; };
		C1BF54EB17A25143006411A9 /* nostalgic@2x.png in Resources */ = {isa = PBXBuildFile; fileRef = C1BF54E217A2513B006411A9 /* nostalgic@2x.png */; };
		C1BF54EC17A25143006411A9 /* sad@2x.png in Resources */ = {isa = PBXBuildFile; fileRef = C1BF54E317A2513D006411A9 /* sad@2x.png */; };
		C1BF54ED17A25143006411A9 /* tired@2x.png in Resources */ = {isa = PBXBuildFile; fileRef = C1BF54E417A25140006411A9 /* tired@2x.png */; };
		C1BF54F017A25A04006411A9 /* Intro_BG@2x.png in Resources */ = {isa = PBXBuildFile; fileRef = C1BF54EE17A25A04006411A9 /* Intro_BG@2x.png */; };
		C1BF54F117A25A04006411A9 /* Smiley_1@2x.png in Resources */ = {isa = PBXBuildFile; fileRef = C1BF54EF17A25A04006411A9 /* Smiley_1@2x.png */; };
/* End PBXBuildFile section */

/* Begin PBXContainerItemProxy section */
		C179EB3B1797B22100FB8A7F /* PBXContainerItemProxy */ = {
			isa = PBXContainerItemProxy;
			containerPortal = C179EB081797B22100FB8A7F /* Project object */;
			proxyType = 1;
			remoteGlobalIDString = C179EB0F1797B22100FB8A7F;
			remoteInfo = MoodyBooty;
		};
/* End PBXContainerItemProxy section */

/* Begin PBXFileReference section */
		C123FB7C17A236FC0037465A /* Constants.h */ = {isa = PBXFileReference; lastKnownFileType = sourcecode.c.h; path = Constants.h; sourceTree = "<group>"; };
		C123FB7D17A2371F0037465A /* Constants.m */ = {isa = PBXFileReference; fileEncoding = 4; lastKnownFileType = sourcecode.c.objc; path = Constants.m; sourceTree = "<group>"; };
		C12EA5AF17A19A0C004B805E /* MBQuoteView.h */ = {isa = PBXFileReference; fileEncoding = 4; lastKnownFileType = sourcecode.c.h; path = MBQuoteView.h; sourceTree = "<group>"; };
		C12EA5B017A19A0C004B805E /* MBQuoteView.m */ = {isa = PBXFileReference; fileEncoding = 4; lastKnownFileType = sourcecode.c.objc; path = MBQuoteView.m; sourceTree = "<group>"; };
		C12EA5B217A19C1C004B805E /* MBQuoteViewController.h */ = {isa = PBXFileReference; fileEncoding = 4; lastKnownFileType = sourcecode.c.h; path = MBQuoteViewController.h; sourceTree = "<group>"; };
		C12EA5B317A19C1C004B805E /* MBQuoteViewController.m */ = {isa = PBXFileReference; fileEncoding = 4; lastKnownFileType = sourcecode.c.objc; path = MBQuoteViewController.m; sourceTree = "<group>"; };
		C12EA5B517A1A83C004B805E /* smiley.png */ = {isa = PBXFileReference; lastKnownFileType = image.png; path = smiley.png; sourceTree = "<group>"; };
		C1519D2617A0F553009D4313 /* MBQuoteCollectionViewCell.h */ = {isa = PBXFileReference; fileEncoding = 4; lastKnownFileType = sourcecode.c.h; path = MBQuoteCollectionViewCell.h; sourceTree = "<group>"; };
		C1519D2717A0F553009D4313 /* MBQuoteCollectionViewCell.m */ = {isa = PBXFileReference; fileEncoding = 4; lastKnownFileType = sourcecode.c.objc; path = MBQuoteCollectionViewCell.m; sourceTree = "<group>"; };
		C1519D2917A0F7FD009D4313 /* MBQuoteUICollectionViewLayout.h */ = {isa = PBXFileReference; fileEncoding = 4; lastKnownFileType = sourcecode.c.h; path = MBQuoteUICollectionViewLayout.h; sourceTree = "<group>"; };
		C1519D2A17A0F7FD009D4313 /* MBQuoteUICollectionViewLayout.m */ = {isa = PBXFileReference; fileEncoding = 4; lastKnownFileType = sourcecode.c.objc; path = MBQuoteUICollectionViewLayout.m; sourceTree = "<group>"; };
		C1623F1F17A1BCB3000A130E /* QuartzCore.framework */ = {isa = PBXFileReference; lastKnownFileType = wrapper.framework; name = QuartzCore.framework; path = System/Library/Frameworks/QuartzCore.framework; sourceTree = SDKROOT; };
		C179EB101797B22100FB8A7F /* MoodyBooty.app */ = {isa = PBXFileReference; explicitFileType = wrapper.application; includeInIndex = 0; path = MoodyBooty.app; sourceTree = BUILT_PRODUCTS_DIR; };
		C179EB131797B22100FB8A7F /* UIKit.framework */ = {isa = PBXFileReference; lastKnownFileType = wrapper.framework; name = UIKit.framework; path = System/Library/Frameworks/UIKit.framework; sourceTree = SDKROOT; };
		C179EB151797B22100FB8A7F /* Foundation.framework */ = {isa = PBXFileReference; lastKnownFileType = wrapper.framework; name = Foundation.framework; path = System/Library/Frameworks/Foundation.framework; sourceTree = SDKROOT; };
		C179EB171797B22100FB8A7F /* CoreGraphics.framework */ = {isa = PBXFileReference; lastKnownFileType = wrapper.framework; name = CoreGraphics.framework; path = System/Library/Frameworks/CoreGraphics.framework; sourceTree = SDKROOT; };
		C179EB1B1797B22100FB8A7F /* MoodyBooty-Info.plist */ = {isa = PBXFileReference; lastKnownFileType = text.plist.xml; path = "MoodyBooty-Info.plist"; sourceTree = "<group>"; };
		C179EB1D1797B22100FB8A7F /* en */ = {isa = PBXFileReference; lastKnownFileType = text.plist.strings; name = en; path = en.lproj/InfoPlist.strings; sourceTree = "<group>"; };
		C179EB1F1797B22100FB8A7F /* main.m */ = {isa = PBXFileReference; lastKnownFileType = sourcecode.c.objc; path = main.m; sourceTree = "<group>"; };
		C179EB211797B22100FB8A7F /* MoodyBooty-Prefix.pch */ = {isa = PBXFileReference; lastKnownFileType = sourcecode.c.h; path = "MoodyBooty-Prefix.pch"; sourceTree = "<group>"; };
		C179EB221797B22100FB8A7F /* MBAppDelegate.h */ = {isa = PBXFileReference; lastKnownFileType = sourcecode.c.h; path = MBAppDelegate.h; sourceTree = "<group>"; };
		C179EB231797B22100FB8A7F /* MBAppDelegate.m */ = {isa = PBXFileReference; lastKnownFileType = sourcecode.c.objc; path = MBAppDelegate.m; sourceTree = "<group>"; };
		C179EB251797B22100FB8A7F /* Default.png */ = {isa = PBXFileReference; lastKnownFileType = image.png; path = Default.png; sourceTree = "<group>"; };
		C179EB271797B22100FB8A7F /* Default@2x.png */ = {isa = PBXFileReference; lastKnownFileType = image.png; path = "Default@2x.png"; sourceTree = "<group>"; };
		C179EB291797B22100FB8A7F /* Default-568h@2x.png */ = {isa = PBXFileReference; lastKnownFileType = image.png; path = "Default-568h@2x.png"; sourceTree = "<group>"; };
		C179EB2C1797B22100FB8A7F /* en */ = {isa = PBXFileReference; lastKnownFileType = file.storyboard; name = en; path = en.lproj/MainStoryboard.storyboard; sourceTree = "<group>"; };
		C179EB2E1797B22100FB8A7F /* MBViewController.h */ = {isa = PBXFileReference; lastKnownFileType = sourcecode.c.h; path = MBViewController.h; sourceTree = "<group>"; };
		C179EB2F1797B22100FB8A7F /* MBViewController.m */ = {isa = PBXFileReference; lastKnownFileType = sourcecode.c.objc; path = MBViewController.m; sourceTree = "<group>"; };
		C179EB361797B22100FB8A7F /* MoodyBootyTests.octest */ = {isa = PBXFileReference; explicitFileType = wrapper.cfbundle; includeInIndex = 0; path = MoodyBootyTests.octest; sourceTree = BUILT_PRODUCTS_DIR; };
		C179EB371797B22100FB8A7F /* SenTestingKit.framework */ = {isa = PBXFileReference; lastKnownFileType = wrapper.framework; name = SenTestingKit.framework; path = Library/Frameworks/SenTestingKit.framework; sourceTree = DEVELOPER_DIR; };
		C179EB3F1797B22100FB8A7F /* MoodyBootyTests-Info.plist */ = {isa = PBXFileReference; lastKnownFileType = text.plist.xml; path = "MoodyBootyTests-Info.plist"; sourceTree = "<group>"; };
		C179EB411797B22100FB8A7F /* en */ = {isa = PBXFileReference; lastKnownFileType = text.plist.strings; name = en; path = en.lproj/InfoPlist.strings; sourceTree = "<group>"; };
		C179EB431797B22100FB8A7F /* MoodyBootyTests.h */ = {isa = PBXFileReference; lastKnownFileType = sourcecode.c.h; path = MoodyBootyTests.h; sourceTree = "<group>"; };
		C179EB441797B22100FB8A7F /* MoodyBootyTests.m */ = {isa = PBXFileReference; lastKnownFileType = sourcecode.c.objc; path = MoodyBootyTests.m; sourceTree = "<group>"; };
		C179EB4E1797B26F00FB8A7F /* MBQuote.h */ = {isa = PBXFileReference; fileEncoding = 4; lastKnownFileType = sourcecode.c.h; path = MBQuote.h; sourceTree = "<group>"; };
		C179EB4F1797B26F00FB8A7F /* MBQuote.m */ = {isa = PBXFileReference; fileEncoding = 4; lastKnownFileType = sourcecode.c.objc; path = MBQuote.m; sourceTree = "<group>"; };
		C179EB511797B38D00FB8A7F /* CoreData.framework */ = {isa = PBXFileReference; lastKnownFileType = wrapper.framework; name = CoreData.framework; path = System/Library/Frameworks/CoreData.framework; sourceTree = SDKROOT; };
		C179EB5317A0D0B400FB8A7F /* MBMood.h */ = {isa = PBXFileReference; fileEncoding = 4; lastKnownFileType = sourcecode.c.h; path = MBMood.h; sourceTree = "<group>"; };
		C179EB5417A0D0B400FB8A7F /* MBMood.m */ = {isa = PBXFileReference; fileEncoding = 4; lastKnownFileType = sourcecode.c.objc; path = MBMood.m; sourceTree = "<group>"; };
		C179EB5C17A0DEF000FB8A7F /* MBMoodCollectionView.h */ = {isa = PBXFileReference; fileEncoding = 4; lastKnownFileType = sourcecode.c.h; path = MBMoodCollectionView.h; sourceTree = "<group>"; };
		C179EB5D17A0DEF000FB8A7F /* MBMoodCollectionView.m */ = {isa = PBXFileReference; fileEncoding = 4; lastKnownFileType = sourcecode.c.objc; path = MBMoodCollectionView.m; sourceTree = "<group>"; };
		C179EB5F17A0E0A100FB8A7F /* MBQuoteCollectionViewController.h */ = {isa = PBXFileReference; fileEncoding = 4; lastKnownFileType = sourcecode.c.h; path = MBQuoteCollectionViewController.h; sourceTree = "<group>"; };
		C179EB6017A0E0A100FB8A7F /* MBQuoteCollectionViewController.m */ = {isa = PBXFileReference; fileEncoding = 4; lastKnownFileType = sourcecode.c.objc; path = MBQuoteCollectionViewController.m; sourceTree = "<group>"; };
		C17A609A17A1BEA300C0BBA4 /* FreigSanProBook.otf */ = {isa = PBXFileReference; lastKnownFileType = file; path = FreigSanProBook.otf; sourceTree = "<group>"; };
		C17A609B17A1BEA300C0BBA4 /* FreigSanProMed.otf */ = {isa = PBXFileReference; lastKnownFileType = file; path = FreigSanProMed.otf; sourceTree = "<group>"; };
		C17A609C17A1BEA300C0BBA4 /* FreigSanProSem.otf */ = {isa = PBXFileReference; lastKnownFileType = file; path = FreigSanProSem.otf; sourceTree = "<group>"; };
		C17A60A017A1C2E000C0BBA4 /* MBQuoteMoodViewController.h */ = {isa = PBXFileReference; fileEncoding = 4; lastKnownFileType = sourcecode.c.h; path = MBQuoteMoodViewController.h; sourceTree = "<group>"; };
		C17A60A117A1C2E000C0BBA4 /* MBQuoteMoodViewController.m */ = {isa = PBXFileReference; fileEncoding = 4; lastKnownFileType = sourcecode.c.objc; path = MBQuoteMoodViewController.m; sourceTree = "<group>"; };
		C17A60A617A1D3F100C0BBA4 /* MBAboutViewController.h */ = {isa = PBXFileReference; fileEncoding = 4; lastKnownFileType = sourcecode.c.h; path = MBAboutViewController.h; sourceTree = "<group>"; };
		C17A60A717A1D3F100C0BBA4 /* MBAboutViewController.m */ = {isa = PBXFileReference; fileEncoding = 4; lastKnownFileType = sourcecode.c.objc; path = MBAboutViewController.m; sourceTree = "<group>"; };
		C17A60A917A1DEFB00C0BBA4 /* MBAboutView.h */ = {isa = PBXFileReference; fileEncoding = 4; lastKnownFileType = sourcecode.c.h; path = MBAboutView.h; sourceTree = "<group>"; };
		C17A60AA17A1DEFB00C0BBA4 /* MBAboutView.m */ = {isa = PBXFileReference; fileEncoding = 4; lastKnownFileType = sourcecode.c.objc; path = MBAboutView.m; sourceTree = "<group>"; };
		C17A60AC17A1E6B300C0BBA4 /* about-background.png */ = {isa = PBXFileReference; lastKnownFileType = image.png; path = "about-background.png"; sourceTree = "<group>"; };
		C17A60AE17A1E82000C0BBA4 /* about-smiley.png */ = {isa = PBXFileReference; lastKnownFileType = image.png; path = "about-smiley.png"; sourceTree = "<group>"; };
		C18BCA8017A1EBC30065BA6E /* milk.png */ = {isa = PBXFileReference; lastKnownFileType = image.png; path = milk.png; sourceTree = "<group>"; };
		C1BF54B217A24FD8006411A9 /* Intro_BG.png */ = {isa = PBXFileReference; lastKnownFileType = image.png; path = Intro_BG.png; sourceTree = "<group>"; };
		C1BF54B317A24FD8006411A9 /* Milk_Glass.png */ = {isa = PBXFileReference; lastKnownFileType = image.png; path = Milk_Glass.png; sourceTree = "<group>"; };
		C1BF54B417A24FD8006411A9 /* Smiley_1.png */ = {isa = PBXFileReference; lastKnownFileType = image.png; path = Smiley_1.png; sourceTree = "<group>"; };
		C1BF54B817A2500B006411A9 /* angry.png */ = {isa = PBXFileReference; lastKnownFileType = image.png; path = angry.png; sourceTree = "<group>"; };
		C1BF54B917A2500B006411A9 /* anxious.png */ = {isa = PBXFileReference; lastKnownFileType = image.png; path = anxious.png; sourceTree = "<group>"; };
		C1BF54BA17A2500B006411A9 /* depressed.png */ = {isa = PBXFileReference; lastKnownFileType = image.png; path = depressed.png; sourceTree = "<group>"; };
		C1BF54BB17A2500B006411A9 /* impatient.png */ = {isa = PBXFileReference; lastKnownFileType = image.png; path = impatient.png; sourceTree = "<group>"; };
		C1BF54BC17A2500B006411A9 /* jealous.png */ = {isa = PBXFileReference; lastKnownFileType = image.png; path = jealous.png; sourceTree = "<group>"; };
		C1BF54BD17A2500B006411A9 /* lonely.png */ = {isa = PBXFileReference; lastKnownFileType = image.png; path = lonely.png; sourceTree = "<group>"; };
		C1BF54BE17A2500B006411A9 /* nostalgic.png */ = {isa = PBXFileReference; lastKnownFileType = image.png; path = nostalgic.png; sourceTree = "<group>"; };
		C1BF54BF17A2500C006411A9 /* sad.png */ = {isa = PBXFileReference; lastKnownFileType = image.png; path = sad.png; sourceTree = "<group>"; };
		C1BF54C017A2500C006411A9 /* tired.png */ = {isa = PBXFileReference; lastKnownFileType = image.png; path = tired.png; sourceTree = "<group>"; };
		C1BF54DC17A25134006411A9 /* angry@2x.png */ = {isa = PBXFileReference; lastKnownFileType = image.png; path = "angry@2x.png"; sourceTree = "<group>"; };
		C1BF54DD17A25134006411A9 /* anxious@2x.png */ = {isa = PBXFileReference; lastKnownFileType = image.png; path = "anxious@2x.png"; sourceTree = "<group>"; };
		C1BF54DE17A25135006411A9 /* depressed@2x.png */ = {isa = PBXFileReference; lastKnownFileType = image.png; path = "depressed@2x.png"; sourceTree = "<group>"; };
		C1BF54DF17A25136006411A9 /* impatient@2x.png */ = {isa = PBXFileReference; lastKnownFileType = image.png; path = "impatient@2x.png"; sourceTree = "<group>"; };
		C1BF54E017A25137006411A9 /* jealous@2x.png */ = {isa = PBXFileReference; lastKnownFileType = image.png; path = "jealous@2x.png"; sourceTree = "<group>"; };
		C1BF54E117A25139006411A9 /* lonely@2x.png */ = {isa = PBXFileReference; lastKnownFileType = image.png; path = "lonely@2x.png"; sourceTree = "<group>"; };
		C1BF54E217A2513B006411A9 /* nostalgic@2x.png */ = {isa = PBXFileReference; lastKnownFileType = image.png; path = "nostalgic@2x.png"; sourceTree = "<group>"; };
		C1BF54E317A2513D006411A9 /* sad@2x.png */ = {isa = PBXFileReference; lastKnownFileType = image.png; path = "sad@2x.png"; sourceTree = "<group>"; };
		C1BF54E417A25140006411A9 /* tired@2x.png */ = {isa = PBXFileReference; lastKnownFileType = image.png; path = "tired@2x.png"; sourceTree = "<group>"; };
		C1BF54EE17A25A04006411A9 /* Intro_BG@2x.png */ = {isa = PBXFileReference; lastKnownFileType = image.png; path = "Intro_BG@2x.png"; sourceTree = "<group>"; };
		C1BF54EF17A25A04006411A9 /* Smiley_1@2x.png */ = {isa = PBXFileReference; lastKnownFileType = image.png; path = "Smiley_1@2x.png"; sourceTree = "<group>"; };
/* End PBXFileReference section */

/* Begin PBXFrameworksBuildPhase section */
		C179EB0D1797B22100FB8A7F /* Frameworks */ = {
			isa = PBXFrameworksBuildPhase;
			buildActionMask = 2147483647;
			files = (
				C1623F2017A1BCB3000A130E /* QuartzCore.framework in Frameworks */,
				C179EB521797B38D00FB8A7F /* CoreData.framework in Frameworks */,
				C179EB141797B22100FB8A7F /* UIKit.framework in Frameworks */,
				C179EB161797B22100FB8A7F /* Foundation.framework in Frameworks */,
				C179EB181797B22100FB8A7F /* CoreGraphics.framework in Frameworks */,
			);
			runOnlyForDeploymentPostprocessing = 0;
		};
		C179EB321797B22100FB8A7F /* Frameworks */ = {
			isa = PBXFrameworksBuildPhase;
			buildActionMask = 2147483647;
			files = (
				C179EB381797B22100FB8A7F /* SenTestingKit.framework in Frameworks */,
				C179EB391797B22100FB8A7F /* UIKit.framework in Frameworks */,
				C179EB3A1797B22100FB8A7F /* Foundation.framework in Frameworks */,
			);
			runOnlyForDeploymentPostprocessing = 0;
		};
/* End PBXFrameworksBuildPhase section */

/* Begin PBXGroup section */
		C179EB071797B22100FB8A7F = {
			isa = PBXGroup;
			children = (
				C1623F1F17A1BCB3000A130E /* QuartzCore.framework */,
				C179EB511797B38D00FB8A7F /* CoreData.framework */,
				C179EB191797B22100FB8A7F /* MoodyBooty */,
				C179EB3D1797B22100FB8A7F /* MoodyBootyTests */,
				C179EB121797B22100FB8A7F /* Frameworks */,
				C179EB111797B22100FB8A7F /* Products */,
			);
			sourceTree = "<group>";
		};
		C179EB111797B22100FB8A7F /* Products */ = {
			isa = PBXGroup;
			children = (
				C179EB101797B22100FB8A7F /* MoodyBooty.app */,
				C179EB361797B22100FB8A7F /* MoodyBootyTests.octest */,
			);
			name = Products;
			sourceTree = "<group>";
		};
		C179EB121797B22100FB8A7F /* Frameworks */ = {
			isa = PBXGroup;
			children = (
				C179EB131797B22100FB8A7F /* UIKit.framework */,
				C179EB151797B22100FB8A7F /* Foundation.framework */,
				C179EB171797B22100FB8A7F /* CoreGraphics.framework */,
				C179EB371797B22100FB8A7F /* SenTestingKit.framework */,
			);
			name = Frameworks;
			sourceTree = "<group>";
		};
		C179EB191797B22100FB8A7F /* MoodyBooty */ = {
			isa = PBXGroup;
			children = (
				C179EB221797B22100FB8A7F /* MBAppDelegate.h */,
				C179EB231797B22100FB8A7F /* MBAppDelegate.m */,
				C179EB2B1797B22100FB8A7F /* MainStoryboard.storyboard */,
				C179EB2E1797B22100FB8A7F /* MBViewController.h */,
				C179EB2F1797B22100FB8A7F /* MBViewController.m */,
				C179EB1A1797B22100FB8A7F /* Supporting Files */,
				C179EB4E1797B26F00FB8A7F /* MBQuote.h */,
				C179EB4F1797B26F00FB8A7F /* MBQuote.m */,
				C179EB5317A0D0B400FB8A7F /* MBMood.h */,
				C179EB5417A0D0B400FB8A7F /* MBMood.m */,
				C179EB5C17A0DEF000FB8A7F /* MBMoodCollectionView.h */,
				C179EB5D17A0DEF000FB8A7F /* MBMoodCollectionView.m */,
				C179EB5F17A0E0A100FB8A7F /* MBQuoteCollectionViewController.h */,
				C179EB6017A0E0A100FB8A7F /* MBQuoteCollectionViewController.m */,
				C1519D2617A0F553009D4313 /* MBQuoteCollectionViewCell.h */,
				C1519D2717A0F553009D4313 /* MBQuoteCollectionViewCell.m */,
				C1519D2917A0F7FD009D4313 /* MBQuoteUICollectionViewLayout.h */,
				C1519D2A17A0F7FD009D4313 /* MBQuoteUICollectionViewLayout.m */,
				C12EA5AF17A19A0C004B805E /* MBQuoteView.h */,
				C12EA5B017A19A0C004B805E /* MBQuoteView.m */,
				C12EA5B217A19C1C004B805E /* MBQuoteViewController.h */,
				C12EA5B317A19C1C004B805E /* MBQuoteViewController.m */,
				C17A60A017A1C2E000C0BBA4 /* MBQuoteMoodViewController.h */,
				C17A60A117A1C2E000C0BBA4 /* MBQuoteMoodViewController.m */,
				C17A60A617A1D3F100C0BBA4 /* MBAboutViewController.h */,
				C17A60A717A1D3F100C0BBA4 /* MBAboutViewController.m */,
				C17A60A917A1DEFB00C0BBA4 /* MBAboutView.h */,
				C17A60AA17A1DEFB00C0BBA4 /* MBAboutView.m */,
				C123FB7C17A236FC0037465A /* Constants.h */,
				C123FB7D17A2371F0037465A /* Constants.m */,
			);
			path = MoodyBooty;
			sourceTree = "<group>";
		};
		C179EB1A1797B22100FB8A7F /* Supporting Files */ = {
			isa = PBXGroup;
			children = (
				C1BF54B217A24FD8006411A9 /* Intro_BG.png */,
				C1BF54B317A24FD8006411A9 /* Milk_Glass.png */,
				C1BF54B417A24FD8006411A9 /* Smiley_1.png */,
				C1BF54EE17A25A04006411A9 /* Intro_BG@2x.png */,
				C1BF54EF17A25A04006411A9 /* Smiley_1@2x.png */,
				C179EB1B1797B22100FB8A7F /* MoodyBooty-Info.plist */,
				C179EB1C1797B22100FB8A7F /* InfoPlist.strings */,
				C179EB1F1797B22100FB8A7F /* main.m */,
				C179EB211797B22100FB8A7F /* MoodyBooty-Prefix.pch */,
				C179EB251797B22100FB8A7F /* Default.png */,
				C179EB271797B22100FB8A7F /* Default@2x.png */,
				C179EB291797B22100FB8A7F /* Default-568h@2x.png */,
				C12EA5B517A1A83C004B805E /* smiley.png */,
				C17A609A17A1BEA300C0BBA4 /* FreigSanProBook.otf */,
				C17A609B17A1BEA300C0BBA4 /* FreigSanProMed.otf */,
				C17A609C17A1BEA300C0BBA4 /* FreigSanProSem.otf */,
				C17A60AE17A1E82000C0BBA4 /* about-smiley.png */,
				C17A60AC17A1E6B300C0BBA4 /* about-background.png */,
				C18BCA8017A1EBC30065BA6E /* milk.png */,
				C1BF54B817A2500B006411A9 /* angry.png */,
				C1BF54B917A2500B006411A9 /* anxious.png */,
				C1BF54BA17A2500B006411A9 /* depressed.png */,
				C1BF54BB17A2500B006411A9 /* impatient.png */,
				C1BF54BC17A2500B006411A9 /* jealous.png */,
				C1BF54BD17A2500B006411A9 /* lonely.png */,
				C1BF54BE17A2500B006411A9 /* nostalgic.png */,
				C1BF54BF17A2500C006411A9 /* sad.png */,
				C1BF54C017A2500C006411A9 /* tired.png */,
				C1BF54DC17A25134006411A9 /* angry@2x.png */,
				C1BF54DD17A25134006411A9 /* anxious@2x.png */,
				C1BF54DE17A25135006411A9 /* depressed@2x.png */,
				C1BF54DF17A25136006411A9 /* impatient@2x.png */,
				C1BF54E017A25137006411A9 /* jealous@2x.png */,
				C1BF54E117A25139006411A9 /* lonely@2x.png */,
				C1BF54E217A2513B006411A9 /* nostalgic@2x.png */,
				C1BF54E317A2513D006411A9 /* sad@2x.png */,
				C1BF54E417A25140006411A9 /* tired@2x.png */,
			);
			name = "Supporting Files";
			sourceTree = "<group>";
		};
		C179EB3D1797B22100FB8A7F /* MoodyBootyTests */ = {
			isa = PBXGroup;
			children = (
				C179EB431797B22100FB8A7F /* MoodyBootyTests.h */,
				C179EB441797B22100FB8A7F /* MoodyBootyTests.m */,
				C179EB3E1797B22100FB8A7F /* Supporting Files */,
			);
			path = MoodyBootyTests;
			sourceTree = "<group>";
		};
		C179EB3E1797B22100FB8A7F /* Supporting Files */ = {
			isa = PBXGroup;
			children = (
				C179EB3F1797B22100FB8A7F /* MoodyBootyTests-Info.plist */,
				C179EB401797B22100FB8A7F /* InfoPlist.strings */,
			);
			name = "Supporting Files";
			sourceTree = "<group>";
		};
/* End PBXGroup section */

/* Begin PBXNativeTarget section */
		C179EB0F1797B22100FB8A7F /* MoodyBooty */ = {
			isa = PBXNativeTarget;
			buildConfigurationList = C179EB481797B22100FB8A7F /* Build configuration list for PBXNativeTarget "MoodyBooty" */;
			buildPhases = (
				C179EB0C1797B22100FB8A7F /* Sources */,
				C179EB0D1797B22100FB8A7F /* Frameworks */,
				C179EB0E1797B22100FB8A7F /* Resources */,
			);
			buildRules = (
			);
			dependencies = (
			);
			name = MoodyBooty;
			productName = MoodyBooty;
			productReference = C179EB101797B22100FB8A7F /* MoodyBooty.app */;
			productType = "com.apple.product-type.application";
		};
		C179EB351797B22100FB8A7F /* MoodyBootyTests */ = {
			isa = PBXNativeTarget;
			buildConfigurationList = C179EB4B1797B22100FB8A7F /* Build configuration list for PBXNativeTarget "MoodyBootyTests" */;
			buildPhases = (
				C179EB311797B22100FB8A7F /* Sources */,
				C179EB321797B22100FB8A7F /* Frameworks */,
				C179EB331797B22100FB8A7F /* Resources */,
				C179EB341797B22100FB8A7F /* ShellScript */,
			);
			buildRules = (
			);
			dependencies = (
				C179EB3C1797B22100FB8A7F /* PBXTargetDependency */,
			);
			name = MoodyBootyTests;
			productName = MoodyBootyTests;
			productReference = C179EB361797B22100FB8A7F /* MoodyBootyTests.octest */;
			productType = "com.apple.product-type.bundle";
		};
/* End PBXNativeTarget section */

/* Begin PBXProject section */
		C179EB081797B22100FB8A7F /* Project object */ = {
			isa = PBXProject;
			attributes = {
				CLASSPREFIX = MB;
				LastUpgradeCheck = 0460;
				ORGANIZATIONNAME = paubins;
			};
			buildConfigurationList = C179EB0B1797B22100FB8A7F /* Build configuration list for PBXProject "MoodyBooty" */;
			compatibilityVersion = "Xcode 3.2";
			developmentRegion = English;
			hasScannedForEncodings = 0;
			knownRegions = (
				en,
			);
			mainGroup = C179EB071797B22100FB8A7F;
			productRefGroup = C179EB111797B22100FB8A7F /* Products */;
			projectDirPath = "";
			projectRoot = "";
			targets = (
				C179EB0F1797B22100FB8A7F /* MoodyBooty */,
				C179EB351797B22100FB8A7F /* MoodyBootyTests */,
			);
		};
/* End PBXProject section */

/* Begin PBXResourcesBuildPhase section */
		C179EB0E1797B22100FB8A7F /* Resources */ = {
			isa = PBXResourcesBuildPhase;
			buildActionMask = 2147483647;
			files = (
				C17A60A317A1CE4600C0BBA4 /* FreigSanProBook.otf in Resources */,
				C17A60A417A1CE4600C0BBA4 /* FreigSanProMed.otf in Resources */,
				C17A60A517A1CE4600C0BBA4 /* FreigSanProSem.otf in Resources */,
				C179EB1E1797B22100FB8A7F /* InfoPlist.strings in Resources */,
				C179EB261797B22100FB8A7F /* Default.png in Resources */,
				C179EB281797B22100FB8A7F /* Default@2x.png in Resources */,
				C179EB2A1797B22100FB8A7F /* Default-568h@2x.png in Resources */,
				C179EB2D1797B22100FB8A7F /* MainStoryboard.storyboard in Resources */,
				C12EA5B617A1A83C004B805E /* smiley.png in Resources */,
				C17A60AD17A1E6B300C0BBA4 /* about-background.png in Resources */,
				C17A60AF17A1E82000C0BBA4 /* about-smiley.png in Resources */,
				C18BCA8117A1EBC30065BA6E /* milk.png in Resources */,
				C1BF54B517A24FD9006411A9 /* Intro_BG.png in Resources */,
				C1BF54B617A24FD9006411A9 /* Milk_Glass.png in Resources */,
				C1BF54B717A24FD9006411A9 /* Smiley_1.png in Resources */,
				C1BF54C117A2500C006411A9 /* angry.png in Resources */,
				C1BF54C217A2500C006411A9 /* anxious.png in Resources */,
				C1BF54C317A2500C006411A9 /* depressed.png in Resources */,
				C1BF54C417A2500C006411A9 /* impatient.png in Resources */,
				C1BF54C517A2500C006411A9 /* jealous.png in Resources */,
				C1BF54C617A2500C006411A9 /* lonely.png in Resources */,
				C1BF54C717A2500C006411A9 /* nostalgic.png in Resources */,
				C1BF54C817A2500C006411A9 /* sad.png in Resources */,
				C1BF54C917A2500C006411A9 /* tired.png in Resources */,
				C1BF54E517A25143006411A9 /* angry@2x.png in Resources */,
				C1BF54E617A25143006411A9 /* anxious@2x.png in Resources */,
				C1BF54E717A25143006411A9 /* depressed@2x.png in Resources */,
				C1BF54E817A25143006411A9 /* impatient@2x.png in Resources */,
				C1BF54E917A25143006411A9 /* jealous@2x.png in Resources */,
				C1BF54EA17A25143006411A9 /* lonely@2x.png in Resources */,
				C1BF54EB17A25143006411A9 /* nostalgic@2x.png in Resources */,
				C1BF54EC17A25143006411A9 /* sad@2x.png in Resources */,
				C1BF54ED17A25143006411A9 /* tired@2x.png in Resources */,
				C1BF54F017A25A04006411A9 /* Intro_BG@2x.png in Resources */,
				C1BF54F117A25A04006411A9 /* Smiley_1@2x.png in Resources */,
			);
			runOnlyForDeploymentPostprocessing = 0;
		};
		C179EB331797B22100FB8A7F /* Resources */ = {
			isa = PBXResourcesBuildPhase;
			buildActionMask = 2147483647;
			files = (
				C179EB421797B22100FB8A7F /* InfoPlist.strings in Resources */,
				C17A609D17A1BEA300C0BBA4 /* FreigSanProBook.otf in Resources */,
				C17A609E17A1BEA300C0BBA4 /* FreigSanProMed.otf in Resources */,
				C17A609F17A1BEA300C0BBA4 /* FreigSanProSem.otf in Resources */,
			);
			runOnlyForDeploymentPostprocessing = 0;
		};
/* End PBXResourcesBuildPhase section */

/* Begin PBXShellScriptBuildPhase section */
		C179EB341797B22100FB8A7F /* ShellScript */ = {
			isa = PBXShellScriptBuildPhase;
			buildActionMask = 2147483647;
			files = (
			);
			inputPaths = (
			);
			outputPaths = (
			);
			runOnlyForDeploymentPostprocessing = 0;
			shellPath = /bin/sh;
			shellScript = "# Run the unit tests in this test bundle.\n\"${SYSTEM_DEVELOPER_DIR}/Tools/RunUnitTests\"\n";
		};
/* End PBXShellScriptBuildPhase section */

/* Begin PBXSourcesBuildPhase section */
		C179EB0C1797B22100FB8A7F /* Sources */ = {
			isa = PBXSourcesBuildPhase;
			buildActionMask = 2147483647;
			files = (
				C179EB201797B22100FB8A7F /* main.m in Sources */,
				C179EB241797B22100FB8A7F /* MBAppDelegate.m in Sources */,
				C179EB301797B22100FB8A7F /* MBViewController.m in Sources */,
				C179EB501797B26F00FB8A7F /* MBQuote.m in Sources */,
				C179EB5517A0D0B400FB8A7F /* MBMood.m in Sources */,
				C179EB5E17A0DEF000FB8A7F /* MBMoodCollectionView.m in Sources */,
				C179EB6117A0E0A100FB8A7F /* MBQuoteCollectionViewController.m in Sources */,
				C1519D2817A0F553009D4313 /* MBQuoteCollectionViewCell.m in Sources */,
				C1519D2B17A0F7FD009D4313 /* MBQuoteUICollectionViewLayout.m in Sources */,
				C12EA5B117A19A0C004B805E /* MBQuoteView.m in Sources */,
				C12EA5B417A19C1C004B805E /* MBQuoteViewController.m in Sources */,
				C17A60A217A1C2E000C0BBA4 /* MBQuoteMoodViewController.m in Sources */,
				C17A60A817A1D3F100C0BBA4 /* MBAboutViewController.m in Sources */,
				C17A60AB17A1DEFB00C0BBA4 /* MBAboutView.m in Sources */,
				C123FB7E17A2371F0037465A /* Constants.m in Sources */,
			);
			runOnlyForDeploymentPostprocessing = 0;
		};
		C179EB311797B22100FB8A7F /* Sources */ = {
			isa = PBXSourcesBuildPhase;
			buildActionMask = 2147483647;
			files = (
				C179EB451797B22100FB8A7F /* MoodyBootyTests.m in Sources */,
			);
			runOnlyForDeploymentPostprocessing = 0;
		};
/* End PBXSourcesBuildPhase section */

/* Begin PBXTargetDependency section */
		C179EB3C1797B22100FB8A7F /* PBXTargetDependency */ = {
			isa = PBXTargetDependency;
			target = C179EB0F1797B22100FB8A7F /* MoodyBooty */;
			targetProxy = C179EB3B1797B22100FB8A7F /* PBXContainerItemProxy */;
		};
/* End PBXTargetDependency section */

/* Begin PBXVariantGroup section */
		C179EB1C1797B22100FB8A7F /* InfoPlist.strings */ = {
			isa = PBXVariantGroup;
			children = (
				C179EB1D1797B22100FB8A7F /* en */,
			);
			name = InfoPlist.strings;
			sourceTree = "<group>";
		};
		C179EB2B1797B22100FB8A7F /* MainStoryboard.storyboard */ = {
			isa = PBXVariantGroup;
			children = (
				C179EB2C1797B22100FB8A7F /* en */,
			);
			name = MainStoryboard.storyboard;
			sourceTree = "<group>";
		};
		C179EB401797B22100FB8A7F /* InfoPlist.strings */ = {
			isa = PBXVariantGroup;
			children = (
				C179EB411797B22100FB8A7F /* en */,
			);
			name = InfoPlist.strings;
			sourceTree = "<group>";
		};
/* End PBXVariantGroup section */

/* Begin XCBuildConfiguration section */
		C179EB461797B22100FB8A7F /* Debug */ = {
			isa = XCBuildConfiguration;
			buildSettings = {
				ALWAYS_SEARCH_USER_PATHS = NO;
				CLANG_CXX_LANGUAGE_STANDARD = "gnu++0x";
				CLANG_CXX_LIBRARY = "libc++";
				CLANG_ENABLE_OBJC_ARC = YES;
				CLANG_WARN_CONSTANT_CONVERSION = YES;
				CLANG_WARN_EMPTY_BODY = YES;
				CLANG_WARN_ENUM_CONVERSION = YES;
				CLANG_WARN_INT_CONVERSION = YES;
				CLANG_WARN__DUPLICATE_METHOD_MATCH = YES;
				"CODE_SIGN_IDENTITY[sdk=iphoneos*]" = "iPhone Developer";
				COPY_PHASE_STRIP = NO;
				GCC_C_LANGUAGE_STANDARD = gnu99;
				GCC_DYNAMIC_NO_PIC = NO;
				GCC_OPTIMIZATION_LEVEL = 0;
				GCC_PREPROCESSOR_DEFINITIONS = (
					"DEBUG=1",
					"$(inherited)",
				);
				GCC_SYMBOLS_PRIVATE_EXTERN = NO;
				GCC_WARN_ABOUT_RETURN_TYPE = YES;
				GCC_WARN_UNINITIALIZED_AUTOS = YES;
				GCC_WARN_UNUSED_VARIABLE = YES;
				IPHONEOS_DEPLOYMENT_TARGET = 6.1;
				ONLY_ACTIVE_ARCH = YES;
				SDKROOT = iphoneos;
			};
			name = Debug;
		};
		C179EB471797B22100FB8A7F /* Release */ = {
			isa = XCBuildConfiguration;
			buildSettings = {
				ALWAYS_SEARCH_USER_PATHS = NO;
				CLANG_CXX_LANGUAGE_STANDARD = "gnu++0x";
				CLANG_CXX_LIBRARY = "libc++";
				CLANG_ENABLE_OBJC_ARC = YES;
				CLANG_WARN_CONSTANT_CONVERSION = YES;
				CLANG_WARN_EMPTY_BODY = YES;
				CLANG_WARN_ENUM_CONVERSION = YES;
				CLANG_WARN_INT_CONVERSION = YES;
				CLANG_WARN__DUPLICATE_METHOD_MATCH = YES;
				"CODE_SIGN_IDENTITY[sdk=iphoneos*]" = "iPhone Developer";
				COPY_PHASE_STRIP = YES;
				GCC_C_LANGUAGE_STANDARD = gnu99;
				GCC_WARN_ABOUT_RETURN_TYPE = YES;
				GCC_WARN_UNINITIALIZED_AUTOS = YES;
				GCC_WARN_UNUSED_VARIABLE = YES;
				IPHONEOS_DEPLOYMENT_TARGET = 6.1;
				OTHER_CFLAGS = "-DNS_BLOCK_ASSERTIONS=1";
				SDKROOT = iphoneos;
				VALIDATE_PRODUCT = YES;
			};
			name = Release;
		};
		C179EB491797B22100FB8A7F /* Debug */ = {
			isa = XCBuildConfiguration;
			buildSettings = {
				GCC_PRECOMPILE_PREFIX_HEADER = YES;
				GCC_PREFIX_HEADER = "MoodyBooty/MoodyBooty-Prefix.pch";
				INFOPLIST_FILE = "MoodyBooty/MoodyBooty-Info.plist";
				PRODUCT_NAME = "$(TARGET_NAME)";
				WRAPPER_EXTENSION = app;
			};
			name = Debug;
		};
		C179EB4A1797B22100FB8A7F /* Release */ = {
			isa = XCBuildConfiguration;
			buildSettings = {
				GCC_PRECOMPILE_PREFIX_HEADER = YES;
				GCC_PREFIX_HEADER = "MoodyBooty/MoodyBooty-Prefix.pch";
				INFOPLIST_FILE = "MoodyBooty/MoodyBooty-Info.plist";
				PRODUCT_NAME = "$(TARGET_NAME)";
				WRAPPER_EXTENSION = app;
			};
			name = Release;
		};
		C179EB4C1797B22100FB8A7F /* Debug */ = {
			isa = XCBuildConfiguration;
			buildSettings = {
				BUNDLE_LOADER = "$(BUILT_PRODUCTS_DIR)/MoodyBooty.app/MoodyBooty";
				FRAMEWORK_SEARCH_PATHS = (
					"\"$(SDKROOT)/Developer/Library/Frameworks\"",
					"\"$(DEVELOPER_LIBRARY_DIR)/Frameworks\"",
				);
				GCC_PRECOMPILE_PREFIX_HEADER = YES;
				GCC_PREFIX_HEADER = "MoodyBooty/MoodyBooty-Prefix.pch";
				INFOPLIST_FILE = "MoodyBootyTests/MoodyBootyTests-Info.plist";
				PRODUCT_NAME = "$(TARGET_NAME)";
				TEST_HOST = "$(BUNDLE_LOADER)";
				WRAPPER_EXTENSION = octest;
			};
			name = Debug;
		};
		C179EB4D1797B22100FB8A7F /* Release */ = {
			isa = XCBuildConfiguration;
			buildSettings = {
				BUNDLE_LOADER = "$(BUILT_PRODUCTS_DIR)/MoodyBooty.app/MoodyBooty";
				FRAMEWORK_SEARCH_PATHS = (
					"\"$(SDKROOT)/Developer/Library/Frameworks\"",
					"\"$(DEVELOPER_LIBRARY_DIR)/Frameworks\"",
				);
				GCC_PRECOMPILE_PREFIX_HEADER = YES;
				GCC_PREFIX_HEADER = "MoodyBooty/MoodyBooty-Prefix.pch";
				INFOPLIST_FILE = "MoodyBootyTests/MoodyBootyTests-Info.plist";
				PRODUCT_NAME = "$(TARGET_NAME)";
				TEST_HOST = "$(BUNDLE_LOADER)";
				WRAPPER_EXTENSION = octest;
			};
			name = Release;
		};
/* End XCBuildConfiguration section */

/* Begin XCConfigurationList section */
		C179EB0B1797B22100FB8A7F /* Build configuration list for PBXProject "MoodyBooty" */ = {
			isa = XCConfigurationList;
			buildConfigurations = (
				C179EB461797B22100FB8A7F /* Debug */,
				C179EB471797B22100FB8A7F /* Release */,
			);
			defaultConfigurationIsVisible = 0;
			defaultConfigurationName = Release;
		};
		C179EB481797B22100FB8A7F /* Build configuration list for PBXNativeTarget "MoodyBooty" */ = {
			isa = XCConfigurationList;
			buildConfigurations = (
				C179EB491797B22100FB8A7F /* Debug */,
				C179EB4A1797B22100FB8A7F /* Release */,
			);
			defaultConfigurationIsVisible = 0;
			defaultConfigurationName = Release;
		};
		C179EB4B1797B22100FB8A7F /* Build configuration list for PBXNativeTarget "MoodyBootyTests" */ = {
			isa = XCConfigurationList;
			buildConfigurations = (
				C179EB4C1797B22100FB8A7F /* Debug */,
				C179EB4D1797B22100FB8A7F /* Release */,
			);
			defaultConfigurationIsVisible = 0;
			defaultConfigurationName = Release;
		};
/* End XCConfigurationList section */
	};
	rootObject = C179EB081797B22100FB8A7F /* Project object */;
}
